
Microsoft Visual Studio Solution File, Format Version 12.00
# Visual Studio Version 16
VisualStudioVersion = 16.0.28803.452
MinimumVisualStudioVersion = 10.0.40219.1
Project("{FAE04EC0-301F-11D3-BF4B-00C04F79EFBC}") = "NonblockingSync", "NonblockingSync\NonblockingSync.csproj", "{6F0A360C-53E4-4953-8864-4AA403578BFD}"
EndProject
Global
	GlobalSection(SolutionConfigurationPlatforms) = preSolution
		Debug|Any CPU = Debug|Any CPU
		Release|Any CPU = Release|Any CPU
	EndGlobalSection
	GlobalSection(ProjectConfigurationPlatforms) = postSolution
		{6F0A360C-53E4-4953-8864-4AA403578BFD}.Debug|Any CPU.ActiveCfg = Debug|Any CPU
		{6F0A360C-53E4-4953-8864-4AA403578BFD}.Debug|Any CPU.Build.0 = Debug|Any CPU
		{6F0A360C-53E4-4953-8864-4AA403578BFD}.Release|Any CPU.ActiveCfg = Release|Any CPU
		{6F0A360C-53E4-4953-8864-4AA403578BFD}.Release|Any CPU.Build.0 = Release|Any CPU
	EndGlobalSection
	GlobalSection(SolutionProperties) = preSolution
		HideSolutionNode = FALSE
	EndGlobalSection
	GlobalSection(ExtensibilityGlobals) = postSolution
		SolutionGuid = {011F9179-7544-4DBB-BADA-34B3745A4AAF}
	EndGlobalSection
EndGlobal
